
Microsoft Visual Studio Solution File, Format Version 12.00
# Visual Studio Version 17
VisualStudioVersion = 17.1.32414.318
MinimumVisualStudioVersion = 10.0.40219.1
Project("{FAE04EC0-301F-11D3-BF4B-00C04F79EFBC}") = "pos", "pos\pos.csproj", "{99514351-1CE4-46CA-BE38-D0A3110F58FB}"
EndProject
Project("{9A19103F-16F7-4668-BE54-9A1E7A4F7556}") = "PosApp", "PosApp\PosApp.csproj", "{B88DE8BD-E052-4101-8F75-378DA2E56DAF}"
EndProject
Global
	GlobalSection(SolutionConfigurationPlatforms) = preSolution
		Debug|Any CPU = Debug|Any CPU
		Release|Any CPU = Release|Any CPU
	EndGlobalSection
	GlobalSection(ProjectConfigurationPlatforms) = postSolution
		{99514351-1CE4-46CA-BE38-D0A3110F58FB}.Debug|Any CPU.ActiveCfg = Debug|Any CPU
		{99514351-1CE4-46CA-BE38-D0A3110F58FB}.Debug|Any CPU.Build.0 = Debug|Any CPU
		{99514351-1CE4-46CA-BE38-D0A3110F58FB}.Release|Any CPU.ActiveCfg = Release|Any CPU
		{99514351-1CE4-46CA-BE38-D0A3110F58FB}.Release|Any CPU.Build.0 = Release|Any CPU
		{B88DE8BD-E052-4101-8F75-378DA2E56DAF}.Debug|Any CPU.ActiveCfg = Debug|Any CPU
		{B88DE8BD-E052-4101-8F75-378DA2E56DAF}.Debug|Any CPU.Build.0 = Debug|Any CPU
		{B88DE8BD-E052-4101-8F75-378DA2E56DAF}.Release|Any CPU.ActiveCfg = Release|Any CPU
		{B88DE8BD-E052-4101-8F75-378DA2E56DAF}.Release|Any CPU.Build.0 = Release|Any CPU
	EndGlobalSection
	GlobalSection(SolutionProperties) = preSolution
		HideSolutionNode = FALSE
	EndGlobalSection
	GlobalSection(ExtensibilityGlobals) = postSolution
		SolutionGuid = {74AD190E-FEBD-4802-9462-D5D844CE78DB}
	EndGlobalSection
EndGlobal
